
Microsoft Visual Studio Solution File, Format Version 12.00
# Visual Studio 14
VisualStudioVersion = 14.0.23107.0
MinimumVisualStudioVersion = 10.0.40219.1
Project("{8BC9CEB8-8B4A-11D0-8D11-00A0C91BC942}") = "001_EntryPoint", "001_EntryPoint\001_EntryPoint.vcxproj", "{8D6356CC-1901-4DDB-9308-43BD10339A10}"
EndProject
Project("{8BC9CEB8-8B4A-11D0-8D11-00A0C91BC942}") = "002_ShowConsole", "002_ShowConsole\002_ShowConsole.vcxproj", "{AFA91671-DEF8-44CC-BB2D-709B1C5DA88E}"
EndProject
Project("{8BC9CEB8-8B4A-11D0-8D11-00A0C91BC942}") = "002_ShowConsole_RAII", "002_ShowConsole_RAII\002_ShowConsole_RAII.vcxproj", "{8F3F3BD6-321B-4CC5-9B6B-82BEDE64B28A}"
EndProject
Project("{8BC9CEB8-8B4A-11D0-8D11-00A0C91BC942}") = "003_PrintSystemError", "003_PrintSystemError\003_PrintSystemError.vcxproj", "{94763039-C6E7-4C52-A021-9E30BAA6E836}"
EndProject
Project("{8BC9CEB8-8B4A-11D0-8D11-00A0C91BC942}") = "004_CreateWindow", "004_CreateWindow\004_CreateWindow.vcxproj", "{DE9656D1-62EF-40B9-BBAF-C458C0BE18AE}"
EndProject
Project("{8BC9CEB8-8B4A-11D0-8D11-00A0C91BC942}") = "005_ClearWindow", "005_ClearWindow\005_ClearWindow.vcxproj", "{BB2F0A91-2893-4E70-95D3-C5C26B6F2A31}"
EndProject
Project("{8BC9CEB8-8B4A-11D0-8D11-00A0C91BC942}") = "006_DrawTriangle", "006_DrawTriangle\006_DrawTriangle.vcxproj", "{D3046F36-5647-49A7-B670-66F44A37A64B}"
EndProject
Project("{8BC9CEB8-8B4A-11D0-8D11-00A0C91BC942}") = "007_DrawSquareWithIndex", "007_DrawSquareWithIndex\007_DrawSquareWithIndex.vcxproj", "{0D216100-4C53-482C-BB18-7745BA88B729}"
EndProject
Project("{8BC9CEB8-8B4A-11D0-8D11-00A0C91BC942}") = "008_ConstantBuffer", "008_ConstantBuffer\008_ConstantBuffer.vcxproj", "{9230DDF2-0C3D-4F9C-8611-C41C69F33A88}"
EndProject
Project("{8BC9CEB8-8B4A-11D0-8D11-00A0C91BC942}") = "009_DrawTexture", "009_DrawTexture\009_DrawTexture.vcxproj", "{9ED8022D-2620-46C0-8B7E-894A1EC02BD3}"
EndProject
Project("{8BC9CEB8-8B4A-11D0-8D11-00A0C91BC942}") = "010_DrawTextureWithSampler", "010_DrawTextureWithSampler\010_DrawTextureWithSampler.vcxproj", "{0463CB51-1DA2-4043-A5B5-EB081D6ACBF5}"
EndProject
Project("{8BC9CEB8-8B4A-11D0-8D11-00A0C91BC942}") = "011_ModelViewProjection", "011_ModelViewProjection\011_ModelViewProjection.vcxproj", "{7CB421E6-D454-4DC8-AAAE-F646965F0C3B}"
EndProject
Project("{8BC9CEB8-8B4A-11D0-8D11-00A0C91BC942}") = "012_RasterizerState", "012_RasterizerState\012_RasterizerState.vcxproj", "{A6591B09-8F8D-4FED-A530-5B44B32BB2E0}"
EndProject
Project("{8BC9CEB8-8B4A-11D0-8D11-00A0C91BC942}") = "013_BlendState", "013_BlendState\013_BlendState.vcxproj", "{3B6AF42B-BD04-45D5-B5D0-A714EBA89D45}"
EndProject
Project("{8BC9CEB8-8B4A-11D0-8D11-00A0C91BC942}") = "014_DiffuseReflection", "014_DiffuseReflection\014_DiffuseReflection.vcxproj", "{646BD2C5-6346-41BE-BDA5-A6D8FF7DD6A6}"
EndProject
Project("{8BC9CEB8-8B4A-11D0-8D11-00A0C91BC942}") = "015_AmbientLight", "015_AmbientLight\015_AmbientLight.vcxproj", "{A80F259E-FF5D-4578-A195-E4E3837C2882}"
EndProject
Project("{8BC9CEB8-8B4A-11D0-8D11-00A0C91BC942}") = "016_Specular", "016_Specular\016_Specular.vcxproj", "{986A2AE9-0184-441E-A58A-EDFAA96B1DE7}"
EndProject
Project("{8BC9CEB8-8B4A-11D0-8D11-00A0C91BC942}") = "017_CookTorrance", "017_CookTorrance\017_CookTorrance.vcxproj", "{A1C4DB43-3224-4D22-A023-8237E3DD60AE}"
EndProject
Project("{8BC9CEB8-8B4A-11D0-8D11-00A0C91BC942}") = "010_DrawDDSTexture", "010_DrawDDSTexture\010_DrawDDSTexture.vcxproj", "{30ABBC99-327D-4849-A068-66CFBE766607}"
EndProject
Project("{8BC9CEB8-8B4A-11D0-8D11-00A0C91BC942}") = "005_CreateDXGIFactory", "005_CreateDXGIFactory\005_CreateDXGIFactory.vcxproj", "{C0C02E88-C4E2-4571-B594-641F55B70757}"
EndProject
Global
	GlobalSection(SolutionConfigurationPlatforms) = preSolution
		Debug|x64 = Debug|x64
		Debug|x86 = Debug|x86
		Release|x64 = Release|x64
		Release|x86 = Release|x86
	EndGlobalSection
	GlobalSection(ProjectConfigurationPlatforms) = postSolution
		{8D6356CC-1901-4DDB-9308-43BD10339A10}.Debug|x64.ActiveCfg = Debug|x64
		{8D6356CC-1901-4DDB-9308-43BD10339A10}.Debug|x64.Build.0 = Debug|x64
		{8D6356CC-1901-4DDB-9308-43BD10339A10}.Debug|x86.ActiveCfg = Debug|Win32
		{8D6356CC-1901-4DDB-9308-43BD10339A10}.Debug|x86.Build.0 = Debug|Win32
		{8D6356CC-1901-4DDB-9308-43BD10339A10}.Release|x64.ActiveCfg = Release|x64
		{8D6356CC-1901-4DDB-9308-43BD10339A10}.Release|x64.Build.0 = Release|x64
		{8D6356CC-1901-4DDB-9308-43BD10339A10}.Release|x86.ActiveCfg = Release|Win32
		{8D6356CC-1901-4DDB-9308-43BD10339A10}.Release|x86.Build.0 = Release|Win32
		{AFA91671-DEF8-44CC-BB2D-709B1C5DA88E}.Debug|x64.ActiveCfg = Debug|x64
		{AFA91671-DEF8-44CC-BB2D-709B1C5DA88E}.Debug|x64.Build.0 = Debug|x64
		{AFA91671-DEF8-44CC-BB2D-709B1C5DA88E}.Debug|x86.ActiveCfg = Debug|Win32
		{AFA91671-DEF8-44CC-BB2D-709B1C5DA88E}.Debug|x86.Build.0 = Debug|Win32
		{AFA91671-DEF8-44CC-BB2D-709B1C5DA88E}.Release|x64.ActiveCfg = Release|x64
		{AFA91671-DEF8-44CC-BB2D-709B1C5DA88E}.Release|x64.Build.0 = Release|x64
		{AFA91671-DEF8-44CC-BB2D-709B1C5DA88E}.Release|x86.ActiveCfg = Release|Win32
		{AFA91671-DEF8-44CC-BB2D-709B1C5DA88E}.Release|x86.Build.0 = Release|Win32
		{8F3F3BD6-321B-4CC5-9B6B-82BEDE64B28A}.Debug|x64.ActiveCfg = Debug|x64
		{8F3F3BD6-321B-4CC5-9B6B-82BEDE64B28A}.Debug|x64.Build.0 = Debug|x64
		{8F3F3BD6-321B-4CC5-9B6B-82BEDE64B28A}.Debug|x86.ActiveCfg = Debug|Win32
		{8F3F3BD6-321B-4CC5-9B6B-82BEDE64B28A}.Debug|x86.Build.0 = Debug|Win32
		{8F3F3BD6-321B-4CC5-9B6B-82BEDE64B28A}.Release|x64.ActiveCfg = Release|x64
		{8F3F3BD6-321B-4CC5-9B6B-82BEDE64B28A}.Release|x64.Build.0 = Release|x64
		{8F3F3BD6-321B-4CC5-9B6B-82BEDE64B28A}.Release|x86.ActiveCfg = Release|Win32
		{8F3F3BD6-321B-4CC5-9B6B-82BEDE64B28A}.Release|x86.Build.0 = Release|Win32
		{94763039-C6E7-4C52-A021-9E30BAA6E836}.Debug|x64.ActiveCfg = Debug|x64
		{94763039-C6E7-4C52-A021-9E30BAA6E836}.Debug|x64.Build.0 = Debug|x64
		{94763039-C6E7-4C52-A021-9E30BAA6E836}.Debug|x86.ActiveCfg = Debug|Win32
		{94763039-C6E7-4C52-A021-9E30BAA6E836}.Debug|x86.Build.0 = Debug|Win32
		{94763039-C6E7-4C52-A021-9E30BAA6E836}.Release|x64.ActiveCfg = Release|x64
		{94763039-C6E7-4C52-A021-9E30BAA6E836}.Release|x64.Build.0 = Release|x64
		{94763039-C6E7-4C52-A021-9E30BAA6E836}.Release|x86.ActiveCfg = Release|Win32
		{94763039-C6E7-4C52-A021-9E30BAA6E836}.Release|x86.Build.0 = Release|Win32
		{DE9656D1-62EF-40B9-BBAF-C458C0BE18AE}.Debug|x64.ActiveCfg = Debug|x64
		{DE9656D1-62EF-40B9-BBAF-C458C0BE18AE}.Debug|x64.Build.0 = Debug|x64
		{DE9656D1-62EF-40B9-BBAF-C458C0BE18AE}.Debug|x86.ActiveCfg = Debug|Win32
		{DE9656D1-62EF-40B9-BBAF-C458C0BE18AE}.Debug|x86.Build.0 = Debug|Win32
		{DE9656D1-62EF-40B9-BBAF-C458C0BE18AE}.Release|x64.ActiveCfg = Release|x64
		{DE9656D1-62EF-40B9-BBAF-C458C0BE18AE}.Release|x64.Build.0 = Release|x64
		{DE9656D1-62EF-40B9-BBAF-C458C0BE18AE}.Release|x86.ActiveCfg = Release|Win32
		{DE9656D1-62EF-40B9-BBAF-C458C0BE18AE}.Release|x86.Build.0 = Release|Win32
		{BB2F0A91-2893-4E70-95D3-C5C26B6F2A31}.Debug|x64.ActiveCfg = Debug|x64
		{BB2F0A91-2893-4E70-95D3-C5C26B6F2A31}.Debug|x64.Build.0 = Debug|x64
		{BB2F0A91-2893-4E70-95D3-C5C26B6F2A31}.Debug|x86.ActiveCfg = Debug|Win32
		{BB2F0A91-2893-4E70-95D3-C5C26B6F2A31}.Debug|x86.Build.0 = Debug|Win32
		{BB2F0A91-2893-4E70-95D3-C5C26B6F2A31}.Release|x64.ActiveCfg = Release|x64
		{BB2F0A91-2893-4E70-95D3-C5C26B6F2A31}.Release|x64.Build.0 = Release|x64
		{BB2F0A91-2893-4E70-95D3-C5C26B6F2A31}.Release|x86.ActiveCfg = Release|Win32
		{BB2F0A91-2893-4E70-95D3-C5C26B6F2A31}.Release|x86.Build.0 = Release|Win32
		{D3046F36-5647-49A7-B670-66F44A37A64B}.Debug|x64.ActiveCfg = Debug|x64
		{D3046F36-5647-49A7-B670-66F44A37A64B}.Debug|x64.Build.0 = Debug|x64
		{D3046F36-5647-49A7-B670-66F44A37A64B}.Debug|x86.ActiveCfg = Debug|Win32
		{D3046F36-5647-49A7-B670-66F44A37A64B}.Debug|x86.Build.0 = Debug|Win32
		{D3046F36-5647-49A7-B670-66F44A37A64B}.Release|x64.ActiveCfg = Release|x64
		{D3046F36-5647-49A7-B670-66F44A37A64B}.Release|x64.Build.0 = Release|x64
		{D3046F36-5647-49A7-B670-66F44A37A64B}.Release|x86.ActiveCfg = Release|Win32
		{D3046F36-5647-49A7-B670-66F44A37A64B}.Release|x86.Build.0 = Release|Win32
		{0D216100-4C53-482C-BB18-7745BA88B729}.Debug|x64.ActiveCfg = Debug|x64
		{0D216100-4C53-482C-BB18-7745BA88B729}.Debug|x64.Build.0 = Debug|x64
		{0D216100-4C53-482C-BB18-7745BA88B729}.Debug|x86.ActiveCfg = Debug|Win32
		{0D216100-4C53-482C-BB18-7745BA88B729}.Debug|x86.Build.0 = Debug|Win32
		{0D216100-4C53-482C-BB18-7745BA88B729}.Release|x64.ActiveCfg = Release|x64
		{0D216100-4C53-482C-BB18-7745BA88B729}.Release|x64.Build.0 = Release|x64
		{0D216100-4C53-482C-BB18-7745BA88B729}.Release|x86.ActiveCfg = Release|Win32
		{0D216100-4C53-482C-BB18-7745BA88B729}.Release|x86.Build.0 = Release|Win32
		{9230DDF2-0C3D-4F9C-8611-C41C69F33A88}.Debug|x64.ActiveCfg = Debug|x64
		{9230DDF2-0C3D-4F9C-8611-C41C69F33A88}.Debug|x64.Build.0 = Debug|x64
		{9230DDF2-0C3D-4F9C-8611-C41C69F33A88}.Debug|x86.ActiveCfg = Debug|Win32
		{9230DDF2-0C3D-4F9C-8611-C41C69F33A88}.Debug|x86.Build.0 = Debug|Win32
		{9230DDF2-0C3D-4F9C-8611-C41C69F33A88}.Release|x64.ActiveCfg = Release|x64
		{9230DDF2-0C3D-4F9C-8611-C41C69F33A88}.Release|x64.Build.0 = Release|x64
		{9230DDF2-0C3D-4F9C-8611-C41C69F33A88}.Release|x86.ActiveCfg = Release|Win32
		{9230DDF2-0C3D-4F9C-8611-C41C69F33A88}.Release|x86.Build.0 = Release|Win32
		{9ED8022D-2620-46C0-8B7E-894A1EC02BD3}.Debug|x64.ActiveCfg = Debug|x64
		{9ED8022D-2620-46C0-8B7E-894A1EC02BD3}.Debug|x64.Build.0 = Debug|x64
		{9ED8022D-2620-46C0-8B7E-894A1EC02BD3}.Debug|x86.ActiveCfg = Debug|Win32
		{9ED8022D-2620-46C0-8B7E-894A1EC02BD3}.Debug|x86.Build.0 = Debug|Win32
		{9ED8022D-2620-46C0-8B7E-894A1EC02BD3}.Release|x64.ActiveCfg = Release|x64
		{9ED8022D-2620-46C0-8B7E-894A1EC02BD3}.Release|x64.Build.0 = Release|x64
		{9ED8022D-2620-46C0-8B7E-894A1EC02BD3}.Release|x86.ActiveCfg = Release|Win32
		{9ED8022D-2620-46C0-8B7E-894A1EC02BD3}.Release|x86.Build.0 = Release|Win32
		{0463CB51-1DA2-4043-A5B5-EB081D6ACBF5}.Debug|x64.ActiveCfg = Debug|x64
		{0463CB51-1DA2-4043-A5B5-EB081D6ACBF5}.Debug|x64.Build.0 = Debug|x64
		{0463CB51-1DA2-4043-A5B5-EB081D6ACBF5}.Debug|x86.ActiveCfg = Debug|Win32
		{0463CB51-1DA2-4043-A5B5-EB081D6ACBF5}.Debug|x86.Build.0 = Debug|Win32
		{0463CB51-1DA2-4043-A5B5-EB081D6ACBF5}.Release|x64.ActiveCfg = Release|x64
		{0463CB51-1DA2-4043-A5B5-EB081D6ACBF5}.Release|x64.Build.0 = Release|x64
		{0463CB51-1DA2-4043-A5B5-EB081D6ACBF5}.Release|x86.ActiveCfg = Release|Win32
		{0463CB51-1DA2-4043-A5B5-EB081D6ACBF5}.Release|x86.Build.0 = Release|Win32
		{7CB421E6-D454-4DC8-AAAE-F646965F0C3B}.Debug|x64.ActiveCfg = Debug|x64
		{7CB421E6-D454-4DC8-AAAE-F646965F0C3B}.Debug|x64.Build.0 = Debug|x64
		{7CB421E6-D454-4DC8-AAAE-F646965F0C3B}.Debug|x86.ActiveCfg = Debug|Win32
		{7CB421E6-D454-4DC8-AAAE-F646965F0C3B}.Debug|x86.Build.0 = Debug|Win32
		{7CB421E6-D454-4DC8-AAAE-F646965F0C3B}.Release|x64.ActiveCfg = Release|x64
		{7CB421E6-D454-4DC8-AAAE-F646965F0C3B}.Release|x64.Build.0 = Release|x64
		{7CB421E6-D454-4DC8-AAAE-F646965F0C3B}.Release|x86.ActiveCfg = Release|Win32
		{7CB421E6-D454-4DC8-AAAE-F646965F0C3B}.Release|x86.Build.0 = Release|Win32
		{A6591B09-8F8D-4FED-A530-5B44B32BB2E0}.Debug|x64.ActiveCfg = Debug|x64
		{A6591B09-8F8D-4FED-A530-5B44B32BB2E0}.Debug|x64.Build.0 = Debug|x64
		{A6591B09-8F8D-4FED-A530-5B44B32BB2E0}.Debug|x86.ActiveCfg = Debug|Win32
		{A6591B09-8F8D-4FED-A530-5B44B32BB2E0}.Debug|x86.Build.0 = Debug|Win32
		{A6591B09-8F8D-4FED-A530-5B44B32BB2E0}.Release|x64.ActiveCfg = Release|x64
		{A6591B09-8F8D-4FED-A530-5B44B32BB2E0}.Release|x64.Build.0 = Release|x64
		{A6591B09-8F8D-4FED-A530-5B44B32BB2E0}.Release|x86.ActiveCfg = Release|Win32
		{A6591B09-8F8D-4FED-A530-5B44B32BB2E0}.Release|x86.Build.0 = Release|Win32
		{3B6AF42B-BD04-45D5-B5D0-A714EBA89D45}.Debug|x64.ActiveCfg = Debug|x64
		{3B6AF42B-BD04-45D5-B5D0-A714EBA89D45}.Debug|x64.Build.0 = Debug|x64
		{3B6AF42B-BD04-45D5-B5D0-A714EBA89D45}.Debug|x86.ActiveCfg = Debug|Win32
		{3B6AF42B-BD04-45D5-B5D0-A714EBA89D45}.Debug|x86.Build.0 = Debug|Win32
		{3B6AF42B-BD04-45D5-B5D0-A714EBA89D45}.Release|x64.ActiveCfg = Release|x64
		{3B6AF42B-BD04-45D5-B5D0-A714EBA89D45}.Release|x64.Build.0 = Release|x64
		{3B6AF42B-BD04-45D5-B5D0-A714EBA89D45}.Release|x86.ActiveCfg = Release|Win32
		{3B6AF42B-BD04-45D5-B5D0-A714EBA89D45}.Release|x86.Build.0 = Release|Win32
		{646BD2C5-6346-41BE-BDA5-A6D8FF7DD6A6}.Debug|x64.ActiveCfg = Debug|x64
		{646BD2C5-6346-41BE-BDA5-A6D8FF7DD6A6}.Debug|x64.Build.0 = Debug|x64
		{646BD2C5-6346-41BE-BDA5-A6D8FF7DD6A6}.Debug|x86.ActiveCfg = Debug|Win32
		{646BD2C5-6346-41BE-BDA5-A6D8FF7DD6A6}.Debug|x86.Build.0 = Debug|Win32
		{646BD2C5-6346-41BE-BDA5-A6D8FF7DD6A6}.Release|x64.ActiveCfg = Release|x64
		{646BD2C5-6346-41BE-BDA5-A6D8FF7DD6A6}.Release|x64.Build.0 = Release|x64
		{646BD2C5-6346-41BE-BDA5-A6D8FF7DD6A6}.Release|x86.ActiveCfg = Release|Win32
		{646BD2C5-6346-41BE-BDA5-A6D8FF7DD6A6}.Release|x86.Build.0 = Release|Win32
		{A80F259E-FF5D-4578-A195-E4E3837C2882}.Debug|x64.ActiveCfg = Debug|x64
		{A80F259E-FF5D-4578-A195-E4E3837C2882}.Debug|x64.Build.0 = Debug|x64
		{A80F259E-FF5D-4578-A195-E4E3837C2882}.Debug|x86.ActiveCfg = Debug|Win32
		{A80F259E-FF5D-4578-A195-E4E3837C2882}.Debug|x86.Build.0 = Debug|Win32
		{A80F259E-FF5D-4578-A195-E4E3837C2882}.Release|x64.ActiveCfg = Release|x64
		{A80F259E-FF5D-4578-A195-E4E3837C2882}.Release|x64.Build.0 = Release|x64
		{A80F259E-FF5D-4578-A195-E4E3837C2882}.Release|x86.ActiveCfg = Release|Win32
		{A80F259E-FF5D-4578-A195-E4E3837C2882}.Release|x86.Build.0 = Release|Win32
		{986A2AE9-0184-441E-A58A-EDFAA96B1DE7}.Debug|x64.ActiveCfg = Debug|x64
		{986A2AE9-0184-441E-A58A-EDFAA96B1DE7}.Debug|x64.Build.0 = Debug|x64
		{986A2AE9-0184-441E-A58A-EDFAA96B1DE7}.Debug|x86.ActiveCfg = Debug|Win32
		{986A2AE9-0184-441E-A58A-EDFAA96B1DE7}.Debug|x86.Build.0 = Debug|Win32
		{986A2AE9-0184-441E-A58A-EDFAA96B1DE7}.Release|x64.ActiveCfg = Release|x64
		{986A2AE9-0184-441E-A58A-EDFAA96B1DE7}.Release|x64.Build.0 = Release|x64
		{986A2AE9-0184-441E-A58A-EDFAA96B1DE7}.Release|x86.ActiveCfg = Release|Win32
		{986A2AE9-0184-441E-A58A-EDFAA96B1DE7}.Release|x86.Build.0 = Release|Win32
		{A1C4DB43-3224-4D22-A023-8237E3DD60AE}.Debug|x64.ActiveCfg = Debug|x64
		{A1C4DB43-3224-4D22-A023-8237E3DD60AE}.Debug|x64.Build.0 = Debug|x64
		{A1C4DB43-3224-4D22-A023-8237E3DD60AE}.Debug|x86.ActiveCfg = Debug|Win32
		{A1C4DB43-3224-4D22-A023-8237E3DD60AE}.Debug|x86.Build.0 = Debug|Win32
		{A1C4DB43-3224-4D22-A023-8237E3DD60AE}.Release|x64.ActiveCfg = Release|x64
		{A1C4DB43-3224-4D22-A023-8237E3DD60AE}.Release|x64.Build.0 = Release|x64
		{A1C4DB43-3224-4D22-A023-8237E3DD60AE}.Release|x86.ActiveCfg = Release|Win32
		{A1C4DB43-3224-4D22-A023-8237E3DD60AE}.Release|x86.Build.0 = Release|Win32
		{30ABBC99-327D-4849-A068-66CFBE766607}.Debug|x64.ActiveCfg = Debug|x64
		{30ABBC99-327D-4849-A068-66CFBE766607}.Debug|x64.Build.0 = Debug|x64
		{30ABBC99-327D-4849-A068-66CFBE766607}.Debug|x86.ActiveCfg = Debug|Win32
		{30ABBC99-327D-4849-A068-66CFBE766607}.Debug|x86.Build.0 = Debug|Win32
		{30ABBC99-327D-4849-A068-66CFBE766607}.Release|x64.ActiveCfg = Release|x64
		{30ABBC99-327D-4849-A068-66CFBE766607}.Release|x64.Build.0 = Release|x64
		{30ABBC99-327D-4849-A068-66CFBE766607}.Release|x86.ActiveCfg = Release|Win32
		{30ABBC99-327D-4849-A068-66CFBE766607}.Release|x86.Build.0 = Release|Win32
		{C0C02E88-C4E2-4571-B594-641F55B70757}.Debug|x64.ActiveCfg = Debug|x64
		{C0C02E88-C4E2-4571-B594-641F55B70757}.Debug|x64.Build.0 = Debug|x64
		{C0C02E88-C4E2-4571-B594-641F55B70757}.Debug|x86.ActiveCfg = Debug|Win32
		{C0C02E88-C4E2-4571-B594-641F55B70757}.Debug|x86.Build.0 = Debug|Win32
		{C0C02E88-C4E2-4571-B594-641F55B70757}.Release|x64.ActiveCfg = Release|x64
		{C0C02E88-C4E2-4571-B594-641F55B70757}.Release|x64.Build.0 = Release|x64
		{C0C02E88-C4E2-4571-B594-641F55B70757}.Release|x86.ActiveCfg = Release|Win32
		{C0C02E88-C4E2-4571-B594-641F55B70757}.Release|x86.Build.0 = Release|Win32
	EndGlobalSection
	GlobalSection(SolutionProperties) = preSolution
		HideSolutionNode = FALSE
	EndGlobalSection
EndGlobal
